<?xml version="1.0" encoding="UTF-8"?>
<CONFIG>
  <ProjectOptions>
    <Version Value="11"/>
    <PathDelim Value="\"/>
    <General>
      <SessionStorage Value="InProjectDir"/>
      <MainUnit Value="0"/>
      <Title Value="MNC"/>
      <Scaled Value="True"/>
      <ResourceType Value="res"/>
      <UseXPManifest Value="True"/>
      <XPManifest>
        <DpiAware Value="True"/>
      </XPManifest>
      <Icon Value="0"/>
    </General>
    <BuildModes Count="1">
      <Item1 Name="Default" Default="True"/>
    </BuildModes>
    <PublishOptions>
      <Version Value="2"/>
      <UseFileFilters Value="True"/>
    </PublishOptions>
    <RunParams>
      <FormatVersion Value="2"/>
      <Modes Count="0"/>
    </RunParams>
    <RequiredPackages Count="3">
      <Item1>
        <PackageName Value="TAChartLazarusPkg"/>
      </Item1>
      <Item2>
        <PackageName Value="LazControls"/>
      </Item2>
      <Item3>
        <PackageName Value="LCL"/>
      </Item3>
    </RequiredPackages>
    <Units Count="17">
      <Unit0>
        <Filename Value="MNC.lpr"/>
        <IsPartOfProject Value="True"/>
      </Unit0>
      <Unit1>
        <Filename Value="font\unit1.pas"/>
        <IsPartOfProject Value="True"/>
        <ComponentName Value="FrmPrincipal"/>
        <HasResources Value="True"/>
        <ResourceBaseClass Value="Form"/>
        <UnitName Value="Unit1"/>
      </Unit1>
      <Unit2>
        <Filename Value="font\unit2.pas"/>
        <IsPartOfProject Value="True"/>
        <ComponentName Value="FrmDerivada"/>
        <HasResources Value="True"/>
        <ResourceBaseClass Value="Form"/>
        <UnitName Value="Unit2"/>
      </Unit2>
      <Unit3>
        <Filename Value="font\fmderivadasr.pas"/>
        <IsPartOfProject Value="True"/>
        <ComponentName Value="FrmDerivadaR"/>
        <HasResources Value="True"/>
        <ResourceBaseClass Value="Form"/>
        <UnitName Value="fmDerivadasR"/>
      </Unit3>
      <Unit4>
        <Filename Value="font\frm_milenar.pas"/>
        <IsPartOfProject Value="True"/>
        <ComponentName Value="FrmMilenar"/>
        <HasResources Value="True"/>
        <ResourceBaseClass Value="Form"/>
        <UnitName Value="Frm_Milenar"/>
      </Unit4>
      <Unit5>
        <Filename Value="font\frm_confia.pas"/>
        <IsPartOfProject Value="True"/>
        <ComponentName Value="FrmConfia"/>
        <HasResources Value="True"/>
        <ResourceBaseClass Value="Form"/>
      </Unit5>
      <Unit6>
        <Filename Value="font\frm_series.pas"/>
        <IsPartOfProject Value="True"/>
        <ComponentName Value="FrmSeries"/>
        <HasResources Value="True"/>
        <ResourceBaseClass Value="Form"/>
        <UnitName Value="Frm_Series"/>
      </Unit6>
      <Unit7>
        <Filename Value="font\frm_interpretador.pas"/>
        <IsPartOfProject Value="True"/>
        <ComponentName Value="FrmInterpretador"/>
        <HasResources Value="True"/>
        <ResourceBaseClass Value="Form"/>
      </Unit7>
      <Unit8>
        <Filename Value="font\frm_derivadas.pas"/>
        <IsPartOfProject Value="True"/>
        <ComponentName Value="FrmDerivadas"/>
        <HasResources Value="True"/>
        <ResourceBaseClass Value="Form"/>
        <UnitName Value="Frm_Derivadas"/>
      </Unit8>
      <Unit9>
        <Filename Value="font\frm_raizes.pas"/>
        <IsPartOfProject Value="True"/>
        <ComponentName Value="FrmRaizes"/>
        <HasResources Value="True"/>
        <ResourceBaseClass Value="Form"/>
      </Unit9>
      <Unit10>
        <Filename Value="font\frm_lineares.pas"/>
        <IsPartOfProject Value="True"/>
        <ComponentName Value="frmLineares"/>
        <HasResources Value="True"/>
        <ResourceBaseClass Value="Form"/>
      </Unit10>
      <Unit11>
        <Filename Value="font\frm_interpola.pas"/>
        <IsPartOfProject Value="True"/>
        <ComponentName Value="frmInterpolacao"/>
        <HasResources Value="True"/>
        <ResourceBaseClass Value="Form"/>
      </Unit11>
      <Unit12>
        <Filename Value="font\unit4.pas"/>
        <IsPartOfProject Value="True"/>
        <ComponentName Value="Form2"/>
        <ResourceBaseClass Value="Form"/>
        <UnitName Value="Unit4"/>
      </Unit12>
      <Unit13>
        <Filename Value="font\unit3.pas"/>
        <IsPartOfProject Value="True"/>
        <ComponentName Value="Form1"/>
        <ResourceBaseClass Value="Form"/>
        <UnitName Value="Unit3"/>
      </Unit13>
      <Unit14>
        <Filename Value="font\unit5.pas"/>
        <IsPartOfProject Value="True"/>
        <ComponentName Value="Form3"/>
        <ResourceBaseClass Value="Form"/>
        <UnitName Value="Unit5"/>
      </Unit14>
      <Unit15>
        <Filename Value="font\frm_integraisn.pas"/>
        <IsPartOfProject Value="True"/>
        <ComponentName Value="frmIntegrais"/>
        <ResourceBaseClass Value="Form"/>
        <UnitName Value="frm_integraisN"/>
      </Unit15>
      <Unit16>
        <Filename Value="font\frm_ajuste.lfm"/>
        <IsPartOfProject Value="True"/>
        <ComponentName Value="Form4"/>
        <ResourceBaseClass Value="Form"/>
      </Unit16>
    </Units>
  </ProjectOptions>
  <CompilerOptions>
    <Version Value="11"/>
    <PathDelim Value="\"/>
    <Target>
      <Filename Value="MNC"/>
    </Target>
    <SearchPaths>
      <IncludeFiles Value="$(ProjOutDir)"/>
      <OtherUnitFiles Value="font"/>
      <UnitOutputDirectory Value="lib\$(TargetCPU)-$(TargetOS)"/>
    </SearchPaths>
    <Linking>
      <Options>
        <Win32>
          <GraphicApplication Value="True"/>
        </Win32>
      </Options>
    </Linking>
  </CompilerOptions>
  <Debugging>
    <Exceptions Count="3">
      <Item1>
        <Name Value="EAbort"/>
      </Item1>
      <Item2>
        <Name Value="ECodetoolError"/>
      </Item2>
      <Item3>
        <Name Value="EFOpenError"/>
      </Item3>
    </Exceptions>
  </Debugging>
</CONFIG>
